{
  "version": 4,
  "terraform_version": "1.12.2",
  "serial": 33,
  "lineage": "566c69a9-53e7-ae51-a759-1b721f54ce8d",
  "outputs": {
    "apigw_invoke_url": {
      "value": "",
      "type": "string"
    },
    "cloudfront_domain": {
      "value": "",
      "type": "string"
    },
    "cognito_app_client_id": {
      "value": "",
      "type": "string"
    },
    "cognito_hosted_ui_domain": {
      "value": "",
      "type": "string"
    },
    "cognito_user_pool_id": {
      "value": "",
      "type": "string"
    },
    "frontend_bucket": {
      "value": "hc-frontend-dev-116981769615",
      "type": "string"
    }
  },
  "resources": [
    {
      "mode": "data",
      "type": "aws_caller_identity",
      "name": "current",
      "provider": "provider[\"registry.terraform.io/hashicorp/aws\"]",
      "instances": [
        {
          "schema_version": 0,
          "attributes": {
            "account_id": "116981769615",
            "arn": "arn:aws:iam::116981769615:user/Carlos",
            "id": "116981769615",
            "user_id": "AIDARWPFIEWHWN3WQL7YT"
          },
          "sensitive_attributes": [],
          "identity_schema_version": 0
        }
      ]
    },
    {
      "mode": "data",
      "type": "aws_region",
      "name": "current",
      "provider": "provider[\"registry.terraform.io/hashicorp/aws\"]",
      "instances": [
        {
          "schema_version": 0,
          "attributes": {
            "description": "US East (N. Virginia)",
            "endpoint": "ec2.us-east-1.amazonaws.com",
            "id": "us-east-1",
            "name": "us-east-1"
          },
          "sensitive_attributes": [],
          "identity_schema_version": 0
        }
      ]
    },
    {
      "module": "module.kms",
      "mode": "data",
      "type": "aws_caller_identity",
      "name": "current",
      "provider": "provider[\"registry.terraform.io/hashicorp/aws\"]",
      "instances": [
        {
          "schema_version": 0,
          "attributes": {
            "account_id": "116981769615",
            "arn": "arn:aws:iam::116981769615:user/Carlos",
            "id": "116981769615",
            "user_id": "AIDARWPFIEWHWN3WQL7YT"
          },
          "sensitive_attributes": [],
          "identity_schema_version": 0
        }
      ]
    },
    {
      "module": "module.kms",
      "mode": "data",
      "type": "aws_region",
      "name": "current",
      "provider": "provider[\"registry.terraform.io/hashicorp/aws\"]",
      "instances": [
        {
          "schema_version": 0,
          "attributes": {
            "description": "US East (N. Virginia)",
            "endpoint": "ec2.us-east-1.amazonaws.com",
            "id": "us-east-1",
            "name": "us-east-1"
          },
          "sensitive_attributes": [],
          "identity_schema_version": 0
        }
      ]
    },
    {
      "module": "module.kms",
      "mode": "managed",
      "type": "aws_kms_alias",
      "name": "adjuntos",
      "provider": "provider[\"registry.terraform.io/hashicorp/aws\"]",
      "instances": [
        {
          "schema_version": 0,
          "attributes": {
            "arn": "arn:aws:kms:us-east-1:116981769615:alias/hc-adjuntos",
            "id": "alias/hc-adjuntos",
            "name": "alias/hc-adjuntos",
            "name_prefix": "",
            "target_key_arn": "arn:aws:kms:us-east-1:116981769615:key/7f93efc0-f7a3-4da0-baa2-bafcdd9035d3",
            "target_key_id": "7f93efc0-f7a3-4da0-baa2-bafcdd9035d3"
          },
          "sensitive_attributes": [],
          "identity_schema_version": 0,
          "private": "bnVsbA==",
          "dependencies": [
            "module.kms.aws_kms_key.adjuntos",
            "module.kms.data.aws_caller_identity.current"
          ]
        }
      ]
    },
    {
      "module": "module.kms",
      "mode": "managed",
      "type": "aws_kms_alias",
      "name": "db",
      "provider": "provider[\"registry.terraform.io/hashicorp/aws\"]",
      "instances": [
        {
          "schema_version": 0,
          "attributes": {
            "arn": "arn:aws:kms:us-east-1:116981769615:alias/hc-db",
            "id": "alias/hc-db",
            "name": "alias/hc-db",
            "name_prefix": "",
            "target_key_arn": "arn:aws:kms:us-east-1:116981769615:key/dcd4373e-1b17-4935-bc93-45f751db6e3e",
            "target_key_id": "dcd4373e-1b17-4935-bc93-45f751db6e3e"
          },
          "sensitive_attributes": [],
          "identity_schema_version": 0,
          "private": "bnVsbA==",
          "dependencies": [
            "module.kms.aws_kms_key.db",
            "module.kms.data.aws_caller_identity.current"
          ]
        }
      ]
    },
    {
      "module": "module.kms",
      "mode": "managed",
      "type": "aws_kms_alias",
      "name": "lambda_env",
      "provider": "provider[\"registry.terraform.io/hashicorp/aws\"]",
      "instances": [
        {
          "schema_version": 0,
          "attributes": {
            "arn": "arn:aws:kms:us-east-1:116981769615:alias/hc-lambda-env",
            "id": "alias/hc-lambda-env",
            "name": "alias/hc-lambda-env",
            "name_prefix": "",
            "target_key_arn": "arn:aws:kms:us-east-1:116981769615:key/0ff7c94e-8018-4c11-bea0-3a4c8a2cac37",
            "target_key_id": "0ff7c94e-8018-4c11-bea0-3a4c8a2cac37"
          },
          "sensitive_attributes": [],
          "identity_schema_version": 0,
          "private": "bnVsbA==",
          "dependencies": [
            "module.kms.aws_kms_key.lambda_env",
            "module.kms.data.aws_caller_identity.current"
          ]
        }
      ]
    },
    {
      "module": "module.kms",
      "mode": "managed",
      "type": "aws_kms_key",
      "name": "adjuntos",
      "provider": "provider[\"registry.terraform.io/hashicorp/aws\"]",
      "instances": [
        {
          "schema_version": 0,
          "attributes": {
            "arn": "arn:aws:kms:us-east-1:116981769615:key/7f93efc0-f7a3-4da0-baa2-bafcdd9035d3",
            "bypass_policy_lockout_safety_check": false,
            "custom_key_store_id": "",
            "customer_master_key_spec": "SYMMETRIC_DEFAULT",
            "deletion_window_in_days": 7,
            "description": "KMS para cifrar objetos del bucket de Adjuntos (HC)",
            "enable_key_rotation": true,
            "id": "7f93efc0-f7a3-4da0-baa2-bafcdd9035d3",
            "is_enabled": true,
            "key_id": "7f93efc0-f7a3-4da0-baa2-bafcdd9035d3",
            "key_usage": "ENCRYPT_DECRYPT",
            "multi_region": false,
            "policy": "{\"Statement\":[{\"Action\":\"kms:*\",\"Effect\":\"Allow\",\"Principal\":{\"AWS\":\"arn:aws:iam::116981769615:root\"},\"Resource\":\"*\",\"Sid\":\"EnableRootPermissions\"},{\"Action\":[\"kms:Encrypt\",\"kms:Decrypt\",\"kms:ReEncrypt*\",\"kms:GenerateDataKey*\",\"kms:CreateGrant\",\"kms:DescribeKey\"],\"Condition\":{\"StringEquals\":{\"aws:SourceAccount\":\"116981769615\"}},\"Effect\":\"Allow\",\"Principal\":{\"Service\":\"s3.amazonaws.com\"},\"Resource\":\"*\",\"Sid\":\"AllowS3ServiceUse\"}],\"Version\":\"2012-10-17\"}",
            "rotation_period_in_days": 365,
            "tags": {
              "Component": "kms",
              "DataClass": "PHI",
              "Env": "dev",
              "Owner": "Platform",
              "Project": "HC",
              "Purpose": "s3-adjuntos"
            },
            "tags_all": {
              "Component": "kms",
              "DataClass": "PHI",
              "Env": "dev",
              "Owner": "Platform",
              "Project": "HC",
              "Purpose": "s3-adjuntos"
            },
            "timeouts": null,
            "xks_key_id": ""
          },
          "sensitive_attributes": [],
          "identity_schema_version": 0,
          "private": "eyJlMmJmYjczMC1lY2FhLTExZTYtOGY4OC0zNDM2M2JjN2M0YzAiOnsiY3JlYXRlIjoxMjAwMDAwMDAwMDB9fQ==",
          "dependencies": [
            "module.kms.data.aws_caller_identity.current"
          ]
        }
      ]
    },
    {
      "module": "module.kms",
      "mode": "managed",
      "type": "aws_kms_key",
      "name": "db",
      "provider": "provider[\"registry.terraform.io/hashicorp/aws\"]",
      "instances": [
        {
          "schema_version": 0,
          "attributes": {
            "arn": "arn:aws:kms:us-east-1:116981769615:key/dcd4373e-1b17-4935-bc93-45f751db6e3e",
            "bypass_policy_lockout_safety_check": false,
            "custom_key_store_id": "",
            "customer_master_key_spec": "SYMMETRIC_DEFAULT",
            "deletion_window_in_days": 7,
            "description": "KMS para cifrar Aurora (HC)",
            "enable_key_rotation": true,
            "id": "dcd4373e-1b17-4935-bc93-45f751db6e3e",
            "is_enabled": true,
            "key_id": "dcd4373e-1b17-4935-bc93-45f751db6e3e",
            "key_usage": "ENCRYPT_DECRYPT",
            "multi_region": false,
            "policy": "{\"Statement\":[{\"Action\":\"kms:*\",\"Effect\":\"Allow\",\"Principal\":{\"AWS\":\"arn:aws:iam::116981769615:root\"},\"Resource\":\"*\",\"Sid\":\"EnableRootPermissions\"},{\"Action\":[\"kms:Encrypt\",\"kms:Decrypt\",\"kms:ReEncrypt*\",\"kms:GenerateDataKey*\",\"kms:CreateGrant\",\"kms:DescribeKey\"],\"Condition\":{\"StringEquals\":{\"aws:SourceAccount\":\"116981769615\"}},\"Effect\":\"Allow\",\"Principal\":{\"Service\":\"rds.amazonaws.com\"},\"Resource\":\"*\",\"Sid\":\"AllowRDSServiceUse\"}],\"Version\":\"2012-10-17\"}",
            "rotation_period_in_days": 365,
            "tags": {
              "Component": "kms",
              "DataClass": "PHI",
              "Env": "dev",
              "Owner": "Platform",
              "Project": "HC",
              "Purpose": "aurora"
            },
            "tags_all": {
              "Component": "kms",
              "DataClass": "PHI",
              "Env": "dev",
              "Owner": "Platform",
              "Project": "HC",
              "Purpose": "aurora"
            },
            "timeouts": null,
            "xks_key_id": ""
          },
          "sensitive_attributes": [],
          "identity_schema_version": 0,
          "private": "eyJlMmJmYjczMC1lY2FhLTExZTYtOGY4OC0zNDM2M2JjN2M0YzAiOnsiY3JlYXRlIjoxMjAwMDAwMDAwMDB9fQ==",
          "dependencies": [
            "module.kms.data.aws_caller_identity.current"
          ]
        }
      ]
    },
    {
      "module": "module.kms",
      "mode": "managed",
      "type": "aws_kms_key",
      "name": "lambda_env",
      "provider": "provider[\"registry.terraform.io/hashicorp/aws\"]",
      "instances": [
        {
          "schema_version": 0,
          "attributes": {
            "arn": "arn:aws:kms:us-east-1:116981769615:key/0ff7c94e-8018-4c11-bea0-3a4c8a2cac37",
            "bypass_policy_lockout_safety_check": false,
            "custom_key_store_id": "",
            "customer_master_key_spec": "SYMMETRIC_DEFAULT",
            "deletion_window_in_days": 7,
            "description": "KMS para cifrar variables de entorno de funciones Lambda (HC)",
            "enable_key_rotation": true,
            "id": "0ff7c94e-8018-4c11-bea0-3a4c8a2cac37",
            "is_enabled": true,
            "key_id": "0ff7c94e-8018-4c11-bea0-3a4c8a2cac37",
            "key_usage": "ENCRYPT_DECRYPT",
            "multi_region": false,
            "policy": "{\"Statement\":[{\"Action\":\"kms:*\",\"Effect\":\"Allow\",\"Principal\":{\"AWS\":\"arn:aws:iam::116981769615:root\"},\"Resource\":\"*\",\"Sid\":\"EnableRootPermissions\"},{\"Action\":[\"kms:Encrypt\",\"kms:Decrypt\",\"kms:ReEncrypt*\",\"kms:GenerateDataKey*\",\"kms:CreateGrant\",\"kms:DescribeKey\"],\"Condition\":{\"StringEquals\":{\"aws:SourceAccount\":\"116981769615\"}},\"Effect\":\"Allow\",\"Principal\":{\"Service\":\"lambda.amazonaws.com\"},\"Resource\":\"*\",\"Sid\":\"AllowLambdaServiceUse\"}],\"Version\":\"2012-10-17\"}",
            "rotation_period_in_days": 365,
            "tags": {
              "Component": "kms",
              "DataClass": "PHI",
              "Env": "dev",
              "Owner": "Platform",
              "Project": "HC",
              "Purpose": "lambda-env"
            },
            "tags_all": {
              "Component": "kms",
              "DataClass": "PHI",
              "Env": "dev",
              "Owner": "Platform",
              "Project": "HC",
              "Purpose": "lambda-env"
            },
            "timeouts": null,
            "xks_key_id": ""
          },
          "sensitive_attributes": [],
          "identity_schema_version": 0,
          "private": "eyJlMmJmYjczMC1lY2FhLTExZTYtOGY4OC0zNDM2M2JjN2M0YzAiOnsiY3JlYXRlIjoxMjAwMDAwMDAwMDB9fQ==",
          "dependencies": [
            "module.kms.data.aws_caller_identity.current"
          ]
        }
      ]
    },
    {
      "module": "module.lambda_function",
      "mode": "data",
      "type": "archive_file",
      "name": "zip",
      "provider": "provider[\"registry.terraform.io/hashicorp/archive\"]",
      "instances": [
        {
          "index_key": "adjuntos",
          "schema_version": 0,
          "attributes": {
            "exclude_symlink_directories": null,
            "excludes": null,
            "id": "ab60b8e886dc63afede0f835dacd0592d2b591fd",
            "output_base64sha256": "WS722glRYS2gJzMV5TLKS0m5wy4X7M1lwayG0flDF3Y=",
            "output_base64sha512": "kcXALlgGKnF+vToMBZA7EO7xDbo6E5T0roNjYQoPFVNnBthaQMyuVi+jH49C0PKFLXFEJkZi3xDUjHQJGqbx+w==",
            "output_file_mode": null,
            "output_md5": "c84d1011ec3ab688b236330d17058d7d",
            "output_path": "../../modules/lambda_function/build/adjuntos.zip",
            "output_sha": "ab60b8e886dc63afede0f835dacd0592d2b591fd",
            "output_sha256": "592ef6da0951612da0273315e532ca4b49b9c32e17eccd65c1ac86d1f9431776",
            "output_sha512": "91c5c02e58062a717ebd3a0c05903b10eef10dba3a1394f4ae8363610a0f15536706d85a40ccae562fa31f8f42d0f2852d7144264662df10d48c74091aa6f1fb",
            "output_size": 281,
            "source": [],
            "source_content": null,
            "source_content_filename": null,
            "source_dir": "C:/Users/carlo/OneDrive/Escritorio/IAC Issa/backend/adjuntos",
            "source_file": null,
            "type": "zip"
          },
          "sensitive_attributes": [],
          "identity_schema_version": 0
        },
        {
          "index_key": "auditoria",
          "schema_version": 0,
          "attributes": {
            "exclude_symlink_directories": null,
            "excludes": null,
            "id": "48724b5332bf600367d67e1d96cc46018441655d",
            "output_base64sha256": "iCP6y03M2WVhok2A19g4odfYDINDBkbIABDIRV1+XOo=",
            "output_base64sha512": "w+oqeoSPF0JYENvMIqTEUZxO1QoJ8H0V6ye7ACWBzQZZsl97ChPiSwtmxdNlp5RRsF/v+yVMpfn4aRcy9tNiyw==",
            "output_file_mode": null,
            "output_md5": "d040cbfcb264a224a56a4d3a6003c063",
            "output_path": "../../modules/lambda_function/build/auditoria.zip",
            "output_sha": "48724b5332bf600367d67e1d96cc46018441655d",
            "output_sha256": "8823facb4dccd96561a24d80d7d838a1d7d80c83430646c80010c8455d7e5cea",
            "output_sha512": "c3ea2a7a848f17425810dbcc22a4c4519c4ed50a09f07d15eb27bb002581cd0659b25f7b0a13e24b0b66c5d365a79451b05feffb254ca5f9f8691732f6d362cb",
            "output_size": 345,
            "source": [],
            "source_content": null,
            "source_content_filename": null,
            "source_dir": "C:/Users/carlo/OneDrive/Escritorio/IAC Issa/backend/auditoria",
            "source_file": null,
            "type": "zip"
          },
          "sensitive_attributes": [],
          "identity_schema_version": 0
        },
        {
          "index_key": "episodios",
          "schema_version": 0,
          "attributes": {
            "exclude_symlink_directories": null,
            "excludes": null,
            "id": "40ab518958cabb741502dc6a67bf6972719e3705",
            "output_base64sha256": "85TYFKwNns8LbUKrHI5HzPJx7R1KUAfu1Kzr3MKn2E4=",
            "output_base64sha512": "m9GWmi1XcWr4vSmXyzyvugeTrFtN82VGab8lEndjJDGuSj1Dgrggh1Ir06eL6xmeuGq50V9QE1VB10+97BgoRA==",
            "output_file_mode": null,
            "output_md5": "b2ec196e22b8335ff3c5004bf5940dc9",
            "output_path": "../../modules/lambda_function/build/episodios.zip",
            "output_sha": "40ab518958cabb741502dc6a67bf6972719e3705",
            "output_sha256": "f394d814ac0d9ecf0b6d42ab1c8e47ccf271ed1d4a5007eed4acebdcc2a7d84e",
            "output_sha512": "9bd1969a2d57716af8bd2997cb3cafba0793ac5b4df3654669bf251277632431ae4a3d4382b82087522bd3a78beb199eb86ab9d15f50135541d74fbdec182844",
            "output_size": 343,
            "source": [],
            "source_content": null,
            "source_content_filename": null,
            "source_dir": "C:/Users/carlo/OneDrive/Escritorio/IAC Issa/backend/episodios",
            "source_file": null,
            "type": "zip"
          },
          "sensitive_attributes": [],
          "identity_schema_version": 0
        },
        {
          "index_key": "historias",
          "schema_version": 0,
          "attributes": {
            "exclude_symlink_directories": null,
            "excludes": null,
            "id": "2cd1b06c2a8055241778bbc2f4ca8df477c2477f",
            "output_base64sha256": "/wl3NeUDMNbjBbiQDY8k6k9w/XufizMp4Qk80AMbzR4=",
            "output_base64sha512": "Nfjek76v/Q0/chuZjNPTpDG7q5JyL7wU5BFVBSysTZ9Tic698IfBCwNjp7Lu0DZUg1L6rQNCT2mzsuQymRZ6Lg==",
            "output_file_mode": null,
            "output_md5": "695dc8a2b7a27056d3b00a84c7ba7286",
            "output_path": "../../modules/lambda_function/build/historias.zip",
            "output_sha": "2cd1b06c2a8055241778bbc2f4ca8df477c2477f",
            "output_sha256": "ff097735e50330d6e305b8900d8f24ea4f70fd7b9f8b3329e1093cd0031bcd1e",
            "output_sha512": "35f8de93beaffd0d3f721b998cd3d3a431bbab92722fbc14e41155052cac4d9f5389cebdf087c10b0363a7b2eed036548352faad03424f69b3b2e43299167a2e",
            "output_size": 1410,
            "source": [],
            "source_content": null,
            "source_content_filename": null,
            "source_dir": "C:/Users/carlo/OneDrive/Escritorio/IAC Issa/backend/historias",
            "source_file": null,
            "type": "zip"
          },
          "sensitive_attributes": [],
          "identity_schema_version": 0
        },
        {
          "index_key": "pacientes",
          "schema_version": 0,
          "attributes": {
            "exclude_symlink_directories": null,
            "excludes": null,
            "id": "87ecedb44768cef707c2915866e0fd6f302eba2e",
            "output_base64sha256": "1MW9TiPPmdoLJ5w1Tjp+k7zdbnvOJb+pHzAVv1FpTRc=",
            "output_base64sha512": "6Xdzn6XyeiKqh0iDfIbVzYoXzLf1f4HMzzWqTJy2weXurPCgI/XFeQzqpf1GpR3WU42si3KqpNN5XETjv/pfuA==",
            "output_file_mode": null,
            "output_md5": "81c064dcef9cca46bb0efec06d013caa",
            "output_path": "../../modules/lambda_function/build/pacientes.zip",
            "output_sha": "87ecedb44768cef707c2915866e0fd6f302eba2e",
            "output_sha256": "d4c5bd4e23cf99da0b279c354e3a7e93bcdd6e7bce25bfa91f3015bf51694d17",
            "output_sha512": "e977739fa5f27a22aa8748837c86d5cd8a17ccb7f57f81cccf35aa4c9cb6c1e5eeacf0a023f5c5790ceaa5fd46a51dd6538dac8b72aaa4d3795c44e3bffa5fb8",
            "output_size": 1585,
            "source": [],
            "source_content": null,
            "source_content_filename": null,
            "source_dir": "C:/Users/carlo/OneDrive/Escritorio/IAC Issa/backend/pacientes",
            "source_file": null,
            "type": "zip"
          },
          "sensitive_attributes": [],
          "identity_schema_version": 0
        }
      ]
    },
    {
      "module": "module.lambda_function",
      "mode": "data",
      "type": "aws_iam_policy_document",
      "name": "assume",
      "provider": "provider[\"registry.terraform.io/hashicorp/aws\"]",
      "instances": [
        {
          "schema_version": 0,
          "attributes": {
            "id": "2690255455",
            "json": "{\n  \"Version\": \"2012-10-17\",\n  \"Statement\": [\n    {\n      \"Effect\": \"Allow\",\n      \"Action\": \"sts:AssumeRole\",\n      \"Principal\": {\n        \"Service\": \"lambda.amazonaws.com\"\n      }\n    }\n  ]\n}",
            "minified_json": "{\"Version\":\"2012-10-17\",\"Statement\":[{\"Effect\":\"Allow\",\"Action\":\"sts:AssumeRole\",\"Principal\":{\"Service\":\"lambda.amazonaws.com\"}}]}",
            "override_json": null,
            "override_policy_documents": null,
            "policy_id": null,
            "source_json": null,
            "source_policy_documents": null,
            "statement": [
              {
                "actions": [
                  "sts:AssumeRole"
                ],
                "condition": [],
                "effect": "Allow",
                "not_actions": [],
                "not_principals": [],
                "not_resources": [],
                "principals": [
                  {
                    "identifiers": [
                      "lambda.amazonaws.com"
                    ],
                    "type": "Service"
                  }
                ],
                "resources": [],
                "sid": ""
              }
            ],
            "version": "2012-10-17"
          },
          "sensitive_attributes": [],
          "identity_schema_version": 0
        }
      ]
    },
    {
      "module": "module.lambda_function",
      "mode": "data",
      "type": "aws_iam_policy_document",
      "name": "inline",
      "provider": "provider[\"registry.terraform.io/hashicorp/aws\"]",
      "instances": [
        {
          "schema_version": 0,
          "attributes": {
            "id": "3071977938",
            "json": "{\n  \"Version\": \"2012-10-17\",\n  \"Statement\": [\n    {\n      \"Sid\": \"Logs\",\n      \"Effect\": \"Allow\",\n      \"Action\": [\n        \"logs:PutLogEvents\",\n        \"logs:CreateLogStream\",\n        \"logs:CreateLogGroup\"\n      ],\n      \"Resource\": \"*\"\n    },\n    {\n      \"Sid\": \"VpcNetworking\",\n      \"Effect\": \"Allow\",\n      \"Action\": [\n        \"ec2:DescribeNetworkInterfaces\",\n        \"ec2:DeleteNetworkInterface\",\n        \"ec2:CreateNetworkInterface\"\n      ],\n      \"Resource\": \"*\"\n    },\n    {\n      \"Sid\": \"SecretsRead\",\n      \"Effect\": \"Allow\",\n      \"Action\": [\n        \"secretsmanager:GetSecretValue\",\n        \"secretsmanager:DescribeSecret\"\n      ],\n      \"Resource\": \"*\"\n    }\n  ]\n}",
            "minified_json": "{\"Version\":\"2012-10-17\",\"Statement\":[{\"Sid\":\"Logs\",\"Effect\":\"Allow\",\"Action\":[\"logs:PutLogEvents\",\"logs:CreateLogStream\",\"logs:CreateLogGroup\"],\"Resource\":\"*\"},{\"Sid\":\"VpcNetworking\",\"Effect\":\"Allow\",\"Action\":[\"ec2:DescribeNetworkInterfaces\",\"ec2:DeleteNetworkInterface\",\"ec2:CreateNetworkInterface\"],\"Resource\":\"*\"},{\"Sid\":\"SecretsRead\",\"Effect\":\"Allow\",\"Action\":[\"secretsmanager:GetSecretValue\",\"secretsmanager:DescribeSecret\"],\"Resource\":\"*\"}]}",
            "override_json": null,
            "override_policy_documents": null,
            "policy_id": null,
            "source_json": null,
            "source_policy_documents": null,
            "statement": [
              {
                "actions": [
                  "logs:CreateLogGroup",
                  "logs:CreateLogStream",
                  "logs:PutLogEvents"
                ],
                "condition": [],
                "effect": "Allow",
                "not_actions": [],
                "not_principals": [],
                "not_resources": [],
                "principals": [],
                "resources": [
                  "*"
                ],
                "sid": "Logs"
              },
              {
                "actions": [
                  "ec2:CreateNetworkInterface",
                  "ec2:DeleteNetworkInterface",
                  "ec2:DescribeNetworkInterfaces"
                ],
                "condition": [],
                "effect": "Allow",
                "not_actions": [],
                "not_principals": [],
                "not_resources": [],
                "principals": [],
                "resources": [
                  "*"
                ],
                "sid": "VpcNetworking"
              },
              {
                "actions": [
                  "secretsmanager:DescribeSecret",
                  "secretsmanager:GetSecretValue"
                ],
                "condition": [],
                "effect": "Allow",
                "not_actions": [],
                "not_principals": [],
                "not_resources": [],
                "principals": [],
                "resources": [
                  "*"
                ],
                "sid": "SecretsRead"
              }
            ],
            "version": "2012-10-17"
          },
          "sensitive_attributes": [],
          "identity_schema_version": 0
        }
      ]
    },
    {
      "module": "module.lambda_function",
      "mode": "managed",
      "type": "aws_cloudwatch_log_group",
      "name": "lg",
      "provider": "provider[\"registry.terraform.io/hashicorp/aws\"]",
      "instances": [
        {
          "index_key": "adjuntos",
          "schema_version": 0,
          "attributes": {
            "arn": "arn:aws:logs:us-east-1:116981769615:log-group:/aws/lambda/hc-dev-lambda-adjuntos",
            "id": "/aws/lambda/hc-dev-lambda-adjuntos",
            "kms_key_id": "",
            "log_group_class": "STANDARD",
            "name": "/aws/lambda/hc-dev-lambda-adjuntos",
            "name_prefix": "",
            "retention_in_days": 14,
            "skip_destroy": false,
            "tags": {
              "Component": "lambda",
              "DataClass": "PHI",
              "Env": "dev",
              "Owner": "Platform",
              "Project": "HC"
            },
            "tags_all": {
              "Component": "lambda",
              "DataClass": "PHI",
              "Env": "dev",
              "Owner": "Platform",
              "Project": "HC"
            }
          },
          "sensitive_attributes": [],
          "identity_schema_version": 0,
          "private": "bnVsbA=="
        },
        {
          "index_key": "auditoria",
          "schema_version": 0,
          "attributes": {
            "arn": "arn:aws:logs:us-east-1:116981769615:log-group:/aws/lambda/hc-dev-lambda-auditoria",
            "id": "/aws/lambda/hc-dev-lambda-auditoria",
            "kms_key_id": "",
            "log_group_class": "STANDARD",
            "name": "/aws/lambda/hc-dev-lambda-auditoria",
            "name_prefix": "",
            "retention_in_days": 14,
            "skip_destroy": false,
            "tags": {
              "Component": "lambda",
              "DataClass": "PHI",
              "Env": "dev",
              "Owner": "Platform",
              "Project": "HC"
            },
            "tags_all": {
              "Component": "lambda",
              "DataClass": "PHI",
              "Env": "dev",
              "Owner": "Platform",
              "Project": "HC"
            }
          },
          "sensitive_attributes": [],
          "identity_schema_version": 0,
          "private": "bnVsbA=="
        },
        {
          "index_key": "episodios",
          "schema_version": 0,
          "attributes": {
            "arn": "arn:aws:logs:us-east-1:116981769615:log-group:/aws/lambda/hc-dev-lambda-episodios",
            "id": "/aws/lambda/hc-dev-lambda-episodios",
            "kms_key_id": "",
            "log_group_class": "STANDARD",
            "name": "/aws/lambda/hc-dev-lambda-episodios",
            "name_prefix": "",
            "retention_in_days": 14,
            "skip_destroy": false,
            "tags": {
              "Component": "lambda",
              "DataClass": "PHI",
              "Env": "dev",
              "Owner": "Platform",
              "Project": "HC"
            },
            "tags_all": {
              "Component": "lambda",
              "DataClass": "PHI",
              "Env": "dev",
              "Owner": "Platform",
              "Project": "HC"
            }
          },
          "sensitive_attributes": [],
          "identity_schema_version": 0,
          "private": "bnVsbA=="
        },
        {
          "index_key": "historias",
          "schema_version": 0,
          "attributes": {
            "arn": "arn:aws:logs:us-east-1:116981769615:log-group:/aws/lambda/hc-dev-lambda-historias",
            "id": "/aws/lambda/hc-dev-lambda-historias",
            "kms_key_id": "",
            "log_group_class": "STANDARD",
            "name": "/aws/lambda/hc-dev-lambda-historias",
            "name_prefix": "",
            "retention_in_days": 14,
            "skip_destroy": false,
            "tags": {
              "Component": "lambda",
              "DataClass": "PHI",
              "Env": "dev",
              "Owner": "Platform",
              "Project": "HC"
            },
            "tags_all": {
              "Component": "lambda",
              "DataClass": "PHI",
              "Env": "dev",
              "Owner": "Platform",
              "Project": "HC"
            }
          },
          "sensitive_attributes": [],
          "identity_schema_version": 0,
          "private": "bnVsbA=="
        },
        {
          "index_key": "pacientes",
          "schema_version": 0,
          "attributes": {
            "arn": "arn:aws:logs:us-east-1:116981769615:log-group:/aws/lambda/hc-dev-lambda-pacientes",
            "id": "/aws/lambda/hc-dev-lambda-pacientes",
            "kms_key_id": "",
            "log_group_class": "STANDARD",
            "name": "/aws/lambda/hc-dev-lambda-pacientes",
            "name_prefix": "",
            "retention_in_days": 14,
            "skip_destroy": false,
            "tags": {
              "Component": "lambda",
              "DataClass": "PHI",
              "Env": "dev",
              "Owner": "Platform",
              "Project": "HC"
            },
            "tags_all": {
              "Component": "lambda",
              "DataClass": "PHI",
              "Env": "dev",
              "Owner": "Platform",
              "Project": "HC"
            }
          },
          "sensitive_attributes": [],
          "identity_schema_version": 0,
          "private": "bnVsbA=="
        }
      ]
    },
    {
      "module": "module.lambda_function",
      "mode": "managed",
      "type": "aws_iam_role",
      "name": "lambda_role",
      "provider": "provider[\"registry.terraform.io/hashicorp/aws\"]",
      "instances": [
        {
          "schema_version": 0,
          "attributes": {
            "arn": "arn:aws:iam::116981769615:role/HC-dev-lambda-role",
            "assume_role_policy": "{\"Statement\":[{\"Action\":\"sts:AssumeRole\",\"Effect\":\"Allow\",\"Principal\":{\"Service\":\"lambda.amazonaws.com\"}}],\"Version\":\"2012-10-17\"}",
            "create_date": "2025-10-02T21:28:11Z",
            "description": "",
            "force_detach_policies": false,
            "id": "HC-dev-lambda-role",
            "inline_policy": [],
            "managed_policy_arns": [],
            "max_session_duration": 3600,
            "name": "HC-dev-lambda-role",
            "name_prefix": "",
            "path": "/",
            "permissions_boundary": "",
            "tags": {
              "Component": "lambda",
              "DataClass": "PHI",
              "Env": "dev",
              "Name": "HC-dev-lambda-role",
              "Owner": "Platform",
              "Project": "HC"
            },
            "tags_all": {
              "Component": "lambda",
              "DataClass": "PHI",
              "Env": "dev",
              "Name": "HC-dev-lambda-role",
              "Owner": "Platform",
              "Project": "HC"
            },
            "unique_id": "AROARWPFIEWHQXQZ7SPAJ"
          },
          "sensitive_attributes": [],
          "identity_schema_version": 0,
          "private": "bnVsbA==",
          "dependencies": [
            "module.lambda_function.data.aws_iam_policy_document.assume"
          ]
        }
      ]
    },
    {
      "module": "module.lambda_function",
      "mode": "managed",
      "type": "aws_iam_role_policy",
      "name": "inline",
      "provider": "provider[\"registry.terraform.io/hashicorp/aws\"]",
      "instances": [
        {
          "schema_version": 0,
          "attributes": {
            "id": "HC-dev-lambda-role:HC-dev-lambda-inline",
            "name": "HC-dev-lambda-inline",
            "name_prefix": "",
            "policy": "{\"Version\":\"2012-10-17\",\"Statement\":[{\"Action\":[\"logs:PutLogEvents\",\"logs:CreateLogStream\",\"logs:CreateLogGroup\"],\"Effect\":\"Allow\",\"Resource\":\"*\",\"Sid\":\"Logs\"},{\"Action\":[\"ec2:DescribeNetworkInterfaces\",\"ec2:DeleteNetworkInterface\",\"ec2:CreateNetworkInterface\"],\"Effect\":\"Allow\",\"Resource\":\"*\",\"Sid\":\"VpcNetworking\"},{\"Action\":[\"secretsmanager:GetSecretValue\",\"secretsmanager:DescribeSecret\"],\"Effect\":\"Allow\",\"Resource\":\"*\",\"Sid\":\"SecretsRead\"}]}",
            "role": "HC-dev-lambda-role"
          },
          "sensitive_attributes": [],
          "identity_schema_version": 0,
          "private": "bnVsbA==",
          "dependencies": [
            "module.lambda_function.aws_iam_role.lambda_role",
            "module.lambda_function.data.aws_iam_policy_document.assume",
            "module.lambda_function.data.aws_iam_policy_document.inline"
          ]
        }
      ]
    },
    {
      "module": "module.networking",
      "mode": "managed",
      "type": "aws_route_table",
      "name": "private",
      "provider": "provider[\"registry.terraform.io/hashicorp/aws\"]",
      "instances": [
        {
          "index_key": "0",
          "schema_version": 0,
          "attributes": {
            "arn": "arn:aws:ec2:us-east-1:116981769615:route-table/rtb-08db9d2570fd6fb88",
            "id": "rtb-08db9d2570fd6fb88",
            "owner_id": "116981769615",
            "propagating_vgws": [],
            "route": [],
            "tags": {
              "Component": "networking",
              "DataClass": "PHI",
              "Env": "dev",
              "Name": "HC-dev-rtb-private-us-east-1a",
              "Owner": "Platform",
              "Project": "HC"
            },
            "tags_all": {
              "Component": "networking",
              "DataClass": "PHI",
              "Env": "dev",
              "Name": "HC-dev-rtb-private-us-east-1a",
              "Owner": "Platform",
              "Project": "HC"
            },
            "timeouts": null,
            "vpc_id": "vpc-088551c03dc48c750"
          },
          "sensitive_attributes": [],
          "identity_schema_version": 0,
          "private": "eyJlMmJmYjczMC1lY2FhLTExZTYtOGY4OC0zNDM2M2JjN2M0YzAiOnsiY3JlYXRlIjozMDAwMDAwMDAwMDAsImRlbGV0ZSI6MzAwMDAwMDAwMDAwLCJ1cGRhdGUiOjEyMDAwMDAwMDAwMH19",
          "dependencies": [
            "module.networking.aws_subnet.private",
            "module.networking.aws_vpc.this"
          ]
        },
        {
          "index_key": "1",
          "schema_version": 0,
          "attributes": {
            "arn": "arn:aws:ec2:us-east-1:116981769615:route-table/rtb-03cccc519939a96d8",
            "id": "rtb-03cccc519939a96d8",
            "owner_id": "116981769615",
            "propagating_vgws": [],
            "route": [],
            "tags": {
              "Component": "networking",
              "DataClass": "PHI",
              "Env": "dev",
              "Name": "HC-dev-rtb-private-us-east-1b",
              "Owner": "Platform",
              "Project": "HC"
            },
            "tags_all": {
              "Component": "networking",
              "DataClass": "PHI",
              "Env": "dev",
              "Name": "HC-dev-rtb-private-us-east-1b",
              "Owner": "Platform",
              "Project": "HC"
            },
            "timeouts": null,
            "vpc_id": "vpc-088551c03dc48c750"
          },
          "sensitive_attributes": [],
          "identity_schema_version": 0,
          "private": "eyJlMmJmYjczMC1lY2FhLTExZTYtOGY4OC0zNDM2M2JjN2M0YzAiOnsiY3JlYXRlIjozMDAwMDAwMDAwMDAsImRlbGV0ZSI6MzAwMDAwMDAwMDAwLCJ1cGRhdGUiOjEyMDAwMDAwMDAwMH19",
          "dependencies": [
            "module.networking.aws_subnet.private",
            "module.networking.aws_vpc.this"
          ]
        }
      ]
    },
    {
      "module": "module.networking",
      "mode": "managed",
      "type": "aws_route_table_association",
      "name": "private_assoc",
      "provider": "provider[\"registry.terraform.io/hashicorp/aws\"]",
      "instances": [
        {
          "index_key": "0",
          "schema_version": 0,
          "attributes": {
            "gateway_id": "",
            "id": "rtbassoc-036a78ebd3f73d61d",
            "route_table_id": "rtb-08db9d2570fd6fb88",
            "subnet_id": "subnet-0c48b92d5d5ab71e0",
            "timeouts": null
          },
          "sensitive_attributes": [],
          "identity_schema_version": 0,
          "private": "eyJlMmJmYjczMC1lY2FhLTExZTYtOGY4OC0zNDM2M2JjN2M0YzAiOnsiY3JlYXRlIjozMDAwMDAwMDAwMDAsImRlbGV0ZSI6MzAwMDAwMDAwMDAwLCJ1cGRhdGUiOjEyMDAwMDAwMDAwMH19",
          "dependencies": [
            "module.networking.aws_route_table.private",
            "module.networking.aws_subnet.private",
            "module.networking.aws_vpc.this"
          ]
        },
        {
          "index_key": "1",
          "schema_version": 0,
          "attributes": {
            "gateway_id": "",
            "id": "rtbassoc-01ba436403bf944c0",
            "route_table_id": "rtb-03cccc519939a96d8",
            "subnet_id": "subnet-06db4d42231938ca5",
            "timeouts": null
          },
          "sensitive_attributes": [],
          "identity_schema_version": 0,
          "private": "eyJlMmJmYjczMC1lY2FhLTExZTYtOGY4OC0zNDM2M2JjN2M0YzAiOnsiY3JlYXRlIjozMDAwMDAwMDAwMDAsImRlbGV0ZSI6MzAwMDAwMDAwMDAwLCJ1cGRhdGUiOjEyMDAwMDAwMDAwMH19",
          "dependencies": [
            "module.networking.aws_route_table.private",
            "module.networking.aws_subnet.private",
            "module.networking.aws_vpc.this"
          ]
        }
      ]
    },
    {
      "module": "module.networking",
      "mode": "managed",
      "type": "aws_security_group",
      "name": "sg_db",
      "provider": "provider[\"registry.terraform.io/hashicorp/aws\"]",
      "instances": [
        {
          "schema_version": 1,
          "attributes": {
            "arn": "arn:aws:ec2:us-east-1:116981769615:security-group/sg-09518a3f8bfac92cc",
            "description": "Aurora ingress 5432 only from RDS Proxy",
            "egress": [],
            "id": "sg-09518a3f8bfac92cc",
            "ingress": [],
            "name": "HC-dev-sg-db",
            "name_prefix": "",
            "owner_id": "116981769615",
            "revoke_rules_on_delete": true,
            "tags": {
              "Component": "networking",
              "DataClass": "PHI",
              "Env": "dev",
              "Name": "HC-dev-sg-db",
              "Owner": "Platform",
              "Project": "HC"
            },
            "tags_all": {
              "Component": "networking",
              "DataClass": "PHI",
              "Env": "dev",
              "Name": "HC-dev-sg-db",
              "Owner": "Platform",
              "Project": "HC"
            },
            "timeouts": null,
            "vpc_id": "vpc-088551c03dc48c750"
          },
          "sensitive_attributes": [],
          "identity_schema_version": 0,
          "private": "eyJlMmJmYjczMC1lY2FhLTExZTYtOGY4OC0zNDM2M2JjN2M0YzAiOnsiY3JlYXRlIjo2MDAwMDAwMDAwMDAsImRlbGV0ZSI6OTAwMDAwMDAwMDAwfSwic2NoZW1hX3ZlcnNpb24iOiIxIn0=",
          "dependencies": [
            "module.networking.aws_vpc.this"
          ]
        }
      ]
    },
    {
      "module": "module.networking",
      "mode": "managed",
      "type": "aws_security_group",
      "name": "sg_lambda",
      "provider": "provider[\"registry.terraform.io/hashicorp/aws\"]",
      "instances": [
        {
          "schema_version": 1,
          "attributes": {
            "arn": "arn:aws:ec2:us-east-1:116981769615:security-group/sg-055f5302d0e01de30",
            "description": "Lambda egress 5432 to RDS Proxy; no ingress from Internet",
            "egress": [],
            "id": "sg-055f5302d0e01de30",
            "ingress": [],
            "name": "HC-dev-sg-lambda",
            "name_prefix": "",
            "owner_id": "116981769615",
            "revoke_rules_on_delete": false,
            "tags": {
              "Component": "networking",
              "DataClass": "PHI",
              "Env": "dev",
              "Name": "HC-dev-sg-lambda",
              "Owner": "Platform",
              "Project": "HC"
            },
            "tags_all": {
              "Component": "networking",
              "DataClass": "PHI",
              "Env": "dev",
              "Name": "HC-dev-sg-lambda",
              "Owner": "Platform",
              "Project": "HC"
            },
            "timeouts": null,
            "vpc_id": "vpc-088551c03dc48c750"
          },
          "sensitive_attributes": [],
          "identity_schema_version": 0,
          "private": "eyJlMmJmYjczMC1lY2FhLTExZTYtOGY4OC0zNDM2M2JjN2M0YzAiOnsiY3JlYXRlIjo2MDAwMDAwMDAwMDAsImRlbGV0ZSI6OTAwMDAwMDAwMDAwfSwic2NoZW1hX3ZlcnNpb24iOiIxIn0=",
          "dependencies": [
            "module.networking.aws_vpc.this"
          ]
        }
      ]
    },
    {
      "module": "module.networking",
      "mode": "managed",
      "type": "aws_security_group",
      "name": "sg_rds_proxy",
      "provider": "provider[\"registry.terraform.io/hashicorp/aws\"]",
      "instances": [
        {
          "schema_version": 1,
          "attributes": {
            "arn": "arn:aws:ec2:us-east-1:116981769615:security-group/sg-0b35d71955be2d870",
            "description": "RDS Proxy 5432: ingress from Lambda; egress to DB",
            "egress": [],
            "id": "sg-0b35d71955be2d870",
            "ingress": [],
            "name": "HC-dev-sg-rds-proxy",
            "name_prefix": "",
            "owner_id": "116981769615",
            "revoke_rules_on_delete": false,
            "tags": {
              "Component": "networking",
              "DataClass": "PHI",
              "Env": "dev",
              "Name": "HC-dev-sg-rds-proxy",
              "Owner": "Platform",
              "Project": "HC"
            },
            "tags_all": {
              "Component": "networking",
              "DataClass": "PHI",
              "Env": "dev",
              "Name": "HC-dev-sg-rds-proxy",
              "Owner": "Platform",
              "Project": "HC"
            },
            "timeouts": null,
            "vpc_id": "vpc-088551c03dc48c750"
          },
          "sensitive_attributes": [],
          "identity_schema_version": 0,
          "private": "eyJlMmJmYjczMC1lY2FhLTExZTYtOGY4OC0zNDM2M2JjN2M0YzAiOnsiY3JlYXRlIjo2MDAwMDAwMDAwMDAsImRlbGV0ZSI6OTAwMDAwMDAwMDAwfSwic2NoZW1hX3ZlcnNpb24iOiIxIn0=",
          "dependencies": [
            "module.networking.aws_vpc.this"
          ]
        }
      ]
    },
    {
      "module": "module.networking",
      "mode": "managed",
      "type": "aws_security_group_rule",
      "name": "db_from_proxy_ingress_5432",
      "provider": "provider[\"registry.terraform.io/hashicorp/aws\"]",
      "instances": [
        {
          "schema_version": 2,
          "attributes": {
            "cidr_blocks": null,
            "description": "Ingress 5432 a DB desde RDS Proxy",
            "from_port": 5432,
            "id": "sgrule-1665314205",
            "ipv6_cidr_blocks": null,
            "prefix_list_ids": null,
            "protocol": "tcp",
            "security_group_id": "sg-09518a3f8bfac92cc",
            "security_group_rule_id": "sgr-0e5800416d9d6b1f3",
            "self": false,
            "source_security_group_id": "sg-0b35d71955be2d870",
            "timeouts": null,
            "to_port": 5432,
            "type": "ingress"
          },
          "sensitive_attributes": [],
          "identity_schema_version": 0,
          "private": "eyJlMmJmYjczMC1lY2FhLTExZTYtOGY4OC0zNDM2M2JjN2M0YzAiOnsiY3JlYXRlIjozMDAwMDAwMDAwMDB9LCJzY2hlbWFfdmVyc2lvbiI6IjIifQ==",
          "dependencies": [
            "module.networking.aws_security_group.sg_db",
            "module.networking.aws_security_group.sg_rds_proxy",
            "module.networking.aws_vpc.this"
          ]
        }
      ]
    },
    {
      "module": "module.networking",
      "mode": "managed",
      "type": "aws_security_group_rule",
      "name": "lambda_to_proxy_egress_5432",
      "provider": "provider[\"registry.terraform.io/hashicorp/aws\"]",
      "instances": [
        {
          "schema_version": 2,
          "attributes": {
            "cidr_blocks": null,
            "description": "Egress 5432 de Lambda hacia RDS Proxy",
            "from_port": 5432,
            "id": "sgrule-591954462",
            "ipv6_cidr_blocks": null,
            "prefix_list_ids": null,
            "protocol": "tcp",
            "security_group_id": "sg-055f5302d0e01de30",
            "security_group_rule_id": "sgr-05884569d6904ef53",
            "self": false,
            "source_security_group_id": "sg-0b35d71955be2d870",
            "timeouts": null,
            "to_port": 5432,
            "type": "egress"
          },
          "sensitive_attributes": [],
          "identity_schema_version": 0,
          "private": "eyJlMmJmYjczMC1lY2FhLTExZTYtOGY4OC0zNDM2M2JjN2M0YzAiOnsiY3JlYXRlIjozMDAwMDAwMDAwMDB9LCJzY2hlbWFfdmVyc2lvbiI6IjIifQ==",
          "dependencies": [
            "module.networking.aws_security_group.sg_lambda",
            "module.networking.aws_security_group.sg_rds_proxy",
            "module.networking.aws_vpc.this"
          ]
        }
      ]
    },
    {
      "module": "module.networking",
      "mode": "managed",
      "type": "aws_security_group_rule",
      "name": "proxy_from_lambda_ingress_5432",
      "provider": "provider[\"registry.terraform.io/hashicorp/aws\"]",
      "instances": [
        {
          "schema_version": 2,
          "attributes": {
            "cidr_blocks": null,
            "description": "Ingress 5432 al RDS Proxy desde Lambdas",
            "from_port": 5432,
            "id": "sgrule-2292462089",
            "ipv6_cidr_blocks": null,
            "prefix_list_ids": null,
            "protocol": "tcp",
            "security_group_id": "sg-0b35d71955be2d870",
            "security_group_rule_id": "sgr-0b5f029590f049509",
            "self": false,
            "source_security_group_id": "sg-055f5302d0e01de30",
            "timeouts": null,
            "to_port": 5432,
            "type": "ingress"
          },
          "sensitive_attributes": [],
          "identity_schema_version": 0,
          "private": "eyJlMmJmYjczMC1lY2FhLTExZTYtOGY4OC0zNDM2M2JjN2M0YzAiOnsiY3JlYXRlIjozMDAwMDAwMDAwMDB9LCJzY2hlbWFfdmVyc2lvbiI6IjIifQ==",
          "dependencies": [
            "module.networking.aws_security_group.sg_lambda",
            "module.networking.aws_security_group.sg_rds_proxy",
            "module.networking.aws_vpc.this"
          ]
        }
      ]
    },
    {
      "module": "module.networking",
      "mode": "managed",
      "type": "aws_security_group_rule",
      "name": "proxy_to_db_egress_5432",
      "provider": "provider[\"registry.terraform.io/hashicorp/aws\"]",
      "instances": [
        {
          "schema_version": 2,
          "attributes": {
            "cidr_blocks": null,
            "description": "Egress 5432 del RDS Proxy hacia DB",
            "from_port": 5432,
            "id": "sgrule-790347808",
            "ipv6_cidr_blocks": null,
            "prefix_list_ids": null,
            "protocol": "tcp",
            "security_group_id": "sg-0b35d71955be2d870",
            "security_group_rule_id": "sgr-00fa7203f9be43461",
            "self": false,
            "source_security_group_id": "sg-09518a3f8bfac92cc",
            "timeouts": null,
            "to_port": 5432,
            "type": "egress"
          },
          "sensitive_attributes": [],
          "identity_schema_version": 0,
          "private": "eyJlMmJmYjczMC1lY2FhLTExZTYtOGY4OC0zNDM2M2JjN2M0YzAiOnsiY3JlYXRlIjozMDAwMDAwMDAwMDB9LCJzY2hlbWFfdmVyc2lvbiI6IjIifQ==",
          "dependencies": [
            "module.networking.aws_security_group.sg_db",
            "module.networking.aws_security_group.sg_rds_proxy",
            "module.networking.aws_vpc.this"
          ]
        }
      ]
    },
    {
      "module": "module.networking",
      "mode": "managed",
      "type": "aws_subnet",
      "name": "private",
      "provider": "provider[\"registry.terraform.io/hashicorp/aws\"]",
      "instances": [
        {
          "index_key": "0",
          "schema_version": 1,
          "attributes": {
            "arn": "arn:aws:ec2:us-east-1:116981769615:subnet/subnet-0c48b92d5d5ab71e0",
            "assign_ipv6_address_on_creation": false,
            "availability_zone": "us-east-1a",
            "availability_zone_id": "use1-az2",
            "cidr_block": "10.20.1.0/24",
            "customer_owned_ipv4_pool": "",
            "enable_dns64": false,
            "enable_lni_at_device_index": 0,
            "enable_resource_name_dns_a_record_on_launch": false,
            "enable_resource_name_dns_aaaa_record_on_launch": false,
            "id": "subnet-0c48b92d5d5ab71e0",
            "ipv6_cidr_block": "",
            "ipv6_cidr_block_association_id": "",
            "ipv6_native": false,
            "map_customer_owned_ip_on_launch": false,
            "map_public_ip_on_launch": false,
            "outpost_arn": "",
            "owner_id": "116981769615",
            "private_dns_hostname_type_on_launch": "ip-name",
            "tags": {
              "Component": "networking",
              "DataClass": "PHI",
              "Env": "dev",
              "Name": "HC-dev-private-us-east-1a",
              "Owner": "Platform",
              "Project": "HC",
              "Tier": "private"
            },
            "tags_all": {
              "Component": "networking",
              "DataClass": "PHI",
              "Env": "dev",
              "Name": "HC-dev-private-us-east-1a",
              "Owner": "Platform",
              "Project": "HC",
              "Tier": "private"
            },
            "timeouts": null,
            "vpc_id": "vpc-088551c03dc48c750"
          },
          "sensitive_attributes": [],
          "identity_schema_version": 0,
          "private": "eyJlMmJmYjczMC1lY2FhLTExZTYtOGY4OC0zNDM2M2JjN2M0YzAiOnsiY3JlYXRlIjo2MDAwMDAwMDAwMDAsImRlbGV0ZSI6MTIwMDAwMDAwMDAwMH0sInNjaGVtYV92ZXJzaW9uIjoiMSJ9",
          "dependencies": [
            "module.networking.aws_vpc.this"
          ]
        },
        {
          "index_key": "1",
          "schema_version": 1,
          "attributes": {
            "arn": "arn:aws:ec2:us-east-1:116981769615:subnet/subnet-06db4d42231938ca5",
            "assign_ipv6_address_on_creation": false,
            "availability_zone": "us-east-1b",
            "availability_zone_id": "use1-az4",
            "cidr_block": "10.20.2.0/24",
            "customer_owned_ipv4_pool": "",
            "enable_dns64": false,
            "enable_lni_at_device_index": 0,
            "enable_resource_name_dns_a_record_on_launch": false,
            "enable_resource_name_dns_aaaa_record_on_launch": false,
            "id": "subnet-06db4d42231938ca5",
            "ipv6_cidr_block": "",
            "ipv6_cidr_block_association_id": "",
            "ipv6_native": false,
            "map_customer_owned_ip_on_launch": false,
            "map_public_ip_on_launch": false,
            "outpost_arn": "",
            "owner_id": "116981769615",
            "private_dns_hostname_type_on_launch": "ip-name",
            "tags": {
              "Component": "networking",
              "DataClass": "PHI",
              "Env": "dev",
              "Name": "HC-dev-private-us-east-1b",
              "Owner": "Platform",
              "Project": "HC",
              "Tier": "private"
            },
            "tags_all": {
              "Component": "networking",
              "DataClass": "PHI",
              "Env": "dev",
              "Name": "HC-dev-private-us-east-1b",
              "Owner": "Platform",
              "Project": "HC",
              "Tier": "private"
            },
            "timeouts": null,
            "vpc_id": "vpc-088551c03dc48c750"
          },
          "sensitive_attributes": [],
          "identity_schema_version": 0,
          "private": "eyJlMmJmYjczMC1lY2FhLTExZTYtOGY4OC0zNDM2M2JjN2M0YzAiOnsiY3JlYXRlIjo2MDAwMDAwMDAwMDAsImRlbGV0ZSI6MTIwMDAwMDAwMDAwMH0sInNjaGVtYV92ZXJzaW9uIjoiMSJ9",
          "dependencies": [
            "module.networking.aws_vpc.this"
          ]
        }
      ]
    },
    {
      "module": "module.networking",
      "mode": "managed",
      "type": "aws_vpc",
      "name": "this",
      "provider": "provider[\"registry.terraform.io/hashicorp/aws\"]",
      "instances": [
        {
          "schema_version": 1,
          "attributes": {
            "arn": "arn:aws:ec2:us-east-1:116981769615:vpc/vpc-088551c03dc48c750",
            "assign_generated_ipv6_cidr_block": false,
            "cidr_block": "10.20.0.0/16",
            "default_network_acl_id": "acl-03078bcebf2de61b2",
            "default_route_table_id": "rtb-0339aba1e419ffcb7",
            "default_security_group_id": "sg-014598ee9394fba84",
            "dhcp_options_id": "dopt-0ae640f3a7a3b65b7",
            "enable_dns_hostnames": true,
            "enable_dns_support": true,
            "enable_network_address_usage_metrics": false,
            "id": "vpc-088551c03dc48c750",
            "instance_tenancy": "default",
            "ipv4_ipam_pool_id": null,
            "ipv4_netmask_length": null,
            "ipv6_association_id": "",
            "ipv6_cidr_block": "",
            "ipv6_cidr_block_network_border_group": "",
            "ipv6_ipam_pool_id": "",
            "ipv6_netmask_length": 0,
            "main_route_table_id": "rtb-0339aba1e419ffcb7",
            "owner_id": "116981769615",
            "tags": {
              "Component": "networking",
              "DataClass": "PHI",
              "Env": "dev",
              "Name": "HC-dev-vpc",
              "Owner": "Platform",
              "Project": "HC"
            },
            "tags_all": {
              "Component": "networking",
              "DataClass": "PHI",
              "Env": "dev",
              "Name": "HC-dev-vpc",
              "Owner": "Platform",
              "Project": "HC"
            }
          },
          "sensitive_attributes": [],
          "identity_schema_version": 0,
          "private": "eyJzY2hlbWFfdmVyc2lvbiI6IjEifQ=="
        }
      ]
    },
    {
      "module": "module.rds_aurora",
      "mode": "managed",
      "type": "aws_db_subnet_group",
      "name": "this",
      "provider": "provider[\"registry.terraform.io/hashicorp/aws\"]",
      "instances": [
        {
          "schema_version": 0,
          "attributes": {
            "arn": "arn:aws:rds:us-east-1:116981769615:subgrp:hc-dev-aurora-subnets",
            "description": "Managed by Terraform",
            "id": "hc-dev-aurora-subnets",
            "name": "hc-dev-aurora-subnets",
            "name_prefix": "",
            "subnet_ids": [
              "subnet-06db4d42231938ca5",
              "subnet-0c48b92d5d5ab71e0"
            ],
            "supported_network_types": [
              "IPV4"
            ],
            "tags": {
              "Component": "rds-aurora",
              "DataClass": "PHI",
              "Env": "dev",
              "Name": "HC-dev-aurora-subnets",
              "Owner": "Platform",
              "Project": "HC"
            },
            "tags_all": {
              "Component": "rds-aurora",
              "DataClass": "PHI",
              "Env": "dev",
              "Name": "HC-dev-aurora-subnets",
              "Owner": "Platform",
              "Project": "HC"
            },
            "vpc_id": "vpc-088551c03dc48c750"
          },
          "sensitive_attributes": [],
          "identity_schema_version": 0,
          "private": "bnVsbA==",
          "dependencies": [
            "module.networking.aws_subnet.private",
            "module.networking.aws_vpc.this"
          ]
        }
      ]
    },
    {
      "module": "module.rds_aurora",
      "mode": "managed",
      "type": "aws_rds_cluster",
      "name": "this",
      "provider": "provider[\"registry.terraform.io/hashicorp/aws\"]",
      "instances": [
        {
          "schema_version": 1,
          "attributes": {
            "allocated_storage": 1,
            "allow_major_version_upgrade": null,
            "apply_immediately": true,
            "arn": "arn:aws:rds:us-east-1:116981769615:cluster:hc-dev-aurora",
            "availability_zones": [
              "us-east-1a",
              "us-east-1b",
              "us-east-1c"
            ],
            "backtrack_window": 0,
            "backup_retention_period": 7,
            "ca_certificate_identifier": null,
            "ca_certificate_valid_till": null,
            "cluster_identifier": "hc-dev-aurora",
            "cluster_identifier_prefix": "",
            "cluster_members": [],
            "cluster_resource_id": "cluster-BJU3ADA3GR4JQQEY6AZHLVQOQQ",
            "cluster_scalability_type": "",
            "copy_tags_to_snapshot": true,
            "database_insights_mode": "standard",
            "database_name": "hcdb",
            "db_cluster_instance_class": "",
            "db_cluster_parameter_group_name": "default.aurora-postgresql15",
            "db_instance_parameter_group_name": null,
            "db_subnet_group_name": "hc-dev-aurora-subnets",
            "db_system_id": "",
            "delete_automated_backups": true,
            "deletion_protection": false,
            "domain": "",
            "domain_iam_role_name": "",
            "enable_global_write_forwarding": false,
            "enable_http_endpoint": false,
            "enable_local_write_forwarding": false,
            "enabled_cloudwatch_logs_exports": [
              "postgresql"
            ],
            "endpoint": "hc-dev-aurora.cluster-ckbqicyw2xso.us-east-1.rds.amazonaws.com",
            "engine": "aurora-postgresql",
            "engine_lifecycle_support": "open-source-rds-extended-support",
            "engine_mode": "provisioned",
            "engine_version": "15.5",
            "engine_version_actual": "15.5",
            "final_snapshot_identifier": null,
            "global_cluster_identifier": "",
            "hosted_zone_id": "Z2R2ITUGPM61AM",
            "iam_database_authentication_enabled": false,
            "iam_roles": [],
            "id": "hc-dev-aurora",
            "iops": 0,
            "kms_key_id": "arn:aws:kms:us-east-1:116981769615:key/dcd4373e-1b17-4935-bc93-45f751db6e3e",
            "manage_master_user_password": null,
            "master_password": "ChangeMe-Strong123!",
            "master_password_wo": null,
            "master_password_wo_version": null,
            "master_user_secret": [],
            "master_user_secret_kms_key_id": null,
            "master_username": "hc_admin",
            "monitoring_interval": 0,
            "monitoring_role_arn": "",
            "network_type": "IPV4",
            "performance_insights_enabled": false,
            "performance_insights_kms_key_id": "",
            "performance_insights_retention_period": 0,
            "port": 5432,
            "preferred_backup_window": "06:15-06:45",
            "preferred_maintenance_window": "tue:10:02-tue:10:32",
            "reader_endpoint": "hc-dev-aurora.cluster-ro-ckbqicyw2xso.us-east-1.rds.amazonaws.com",
            "replication_source_identifier": "",
            "restore_to_point_in_time": [],
            "s3_import": [],
            "scaling_configuration": [],
            "serverlessv2_scaling_configuration": [
              {
                "max_capacity": 2,
                "min_capacity": 0.5,
                "seconds_until_auto_pause": 0
              }
            ],
            "skip_final_snapshot": true,
            "snapshot_identifier": null,
            "source_region": null,
            "storage_encrypted": true,
            "storage_type": "",
            "tags": {
              "Component": "rds-aurora",
              "DataClass": "PHI",
              "Env": "dev",
              "Name": "HC-dev-aurora-cluster",
              "Owner": "Platform",
              "Project": "HC"
            },
            "tags_all": {
              "Component": "rds-aurora",
              "DataClass": "PHI",
              "Env": "dev",
              "Name": "HC-dev-aurora-cluster",
              "Owner": "Platform",
              "Project": "HC"
            },
            "timeouts": null,
            "vpc_security_group_ids": [
              "sg-09518a3f8bfac92cc"
            ]
          },
          "sensitive_attributes": [
            [
              {
                "type": "get_attr",
                "value": "master_password"
              }
            ],
            [
              {
                "type": "get_attr",
                "value": "master_password_wo"
              }
            ]
          ],
          "identity_schema_version": 0,
          "private": "eyJlMmJmYjczMC1lY2FhLTExZTYtOGY4OC0zNDM2M2JjN2M0YzAiOnsiY3JlYXRlIjo3MjAwMDAwMDAwMDAwLCJkZWxldGUiOjcyMDAwMDAwMDAwMDAsInVwZGF0ZSI6NzIwMDAwMDAwMDAwMH0sInNjaGVtYV92ZXJzaW9uIjoiMSJ9",
          "dependencies": [
            "module.kms.aws_kms_key.db",
            "module.kms.data.aws_caller_identity.current",
            "module.networking.aws_security_group.sg_db",
            "module.networking.aws_subnet.private",
            "module.networking.aws_vpc.this",
            "module.rds_aurora.aws_db_subnet_group.this"
          ]
        }
      ]
    },
    {
      "module": "module.rds_aurora",
      "mode": "managed",
      "type": "aws_rds_cluster_instance",
      "name": "writer",
      "provider": "provider[\"registry.terraform.io/hashicorp/aws\"]",
      "instances": [
        {
          "status": "tainted",
          "schema_version": 0,
          "attributes": {
            "apply_immediately": true,
            "arn": null,
            "auto_minor_version_upgrade": true,
            "availability_zone": null,
            "ca_cert_identifier": null,
            "cluster_identifier": "hc-dev-aurora",
            "copy_tags_to_snapshot": false,
            "custom_iam_instance_profile": null,
            "db_parameter_group_name": null,
            "db_subnet_group_name": null,
            "dbi_resource_id": null,
            "endpoint": null,
            "engine": "aurora-postgresql",
            "engine_version": "15.5",
            "engine_version_actual": null,
            "force_destroy": false,
            "id": "hc-dev-aurora-writer-1",
            "identifier": "hc-dev-aurora-writer-1",
            "identifier_prefix": null,
            "instance_class": "db.serverless",
            "kms_key_id": null,
            "monitoring_interval": 0,
            "monitoring_role_arn": null,
            "network_type": null,
            "performance_insights_enabled": false,
            "performance_insights_kms_key_id": null,
            "performance_insights_retention_period": null,
            "port": null,
            "preferred_backup_window": null,
            "preferred_maintenance_window": null,
            "promotion_tier": 0,
            "publicly_accessible": false,
            "storage_encrypted": null,
            "tags": {
              "Component": "rds-aurora",
              "DataClass": "PHI",
              "Env": "dev",
              "Name": "HC-dev-aurora-writer-1",
              "Owner": "Platform",
              "Project": "HC",
              "Role": "writer"
            },
            "tags_all": {
              "Component": "rds-aurora",
              "DataClass": "PHI",
              "Env": "dev",
              "Name": "HC-dev-aurora-writer-1",
              "Owner": "Platform",
              "Project": "HC",
              "Role": "writer"
            },
            "timeouts": null,
            "writer": null
          },
          "sensitive_attributes": [],
          "identity_schema_version": 0,
          "private": "eyJlMmJmYjczMC1lY2FhLTExZTYtOGY4OC0zNDM2M2JjN2M0YzAiOnsiY3JlYXRlIjo1NDAwMDAwMDAwMDAwLCJkZWxldGUiOjU0MDAwMDAwMDAwMDAsInVwZGF0ZSI6NTQwMDAwMDAwMDAwMH19",
          "dependencies": [
            "module.kms.aws_kms_key.db",
            "module.kms.data.aws_caller_identity.current",
            "module.networking.aws_security_group.sg_db",
            "module.networking.aws_subnet.private",
            "module.networking.aws_vpc.this",
            "module.rds_aurora.aws_db_subnet_group.this",
            "module.rds_aurora.aws_rds_cluster.this"
          ]
        }
      ]
    },
    {
      "module": "module.rds_proxy",
      "mode": "data",
      "type": "aws_iam_policy_document",
      "name": "assume",
      "provider": "provider[\"registry.terraform.io/hashicorp/aws\"]",
      "instances": [
        {
          "schema_version": 0,
          "attributes": {
            "id": "2562693050",
            "json": "{\n  \"Version\": \"2012-10-17\",\n  \"Statement\": [\n    {\n      \"Effect\": \"Allow\",\n      \"Action\": \"sts:AssumeRole\",\n      \"Principal\": {\n        \"Service\": \"rds.amazonaws.com\"\n      }\n    }\n  ]\n}",
            "minified_json": "{\"Version\":\"2012-10-17\",\"Statement\":[{\"Effect\":\"Allow\",\"Action\":\"sts:AssumeRole\",\"Principal\":{\"Service\":\"rds.amazonaws.com\"}}]}",
            "override_json": null,
            "override_policy_documents": null,
            "policy_id": null,
            "source_json": null,
            "source_policy_documents": null,
            "statement": [
              {
                "actions": [
                  "sts:AssumeRole"
                ],
                "condition": [],
                "effect": "Allow",
                "not_actions": [],
                "not_principals": [],
                "not_resources": [],
                "principals": [
                  {
                    "identifiers": [
                      "rds.amazonaws.com"
                    ],
                    "type": "Service"
                  }
                ],
                "resources": [],
                "sid": ""
              }
            ],
            "version": "2012-10-17"
          },
          "sensitive_attributes": [],
          "identity_schema_version": 0
        }
      ]
    },
    {
      "module": "module.rds_proxy",
      "mode": "managed",
      "type": "aws_iam_role",
      "name": "rds_proxy_role",
      "provider": "provider[\"registry.terraform.io/hashicorp/aws\"]",
      "instances": [
        {
          "schema_version": 0,
          "attributes": {
            "arn": "arn:aws:iam::116981769615:role/HC-dev-rds-proxy-role",
            "assume_role_policy": "{\"Statement\":[{\"Action\":\"sts:AssumeRole\",\"Effect\":\"Allow\",\"Principal\":{\"Service\":\"rds.amazonaws.com\"}}],\"Version\":\"2012-10-17\"}",
            "create_date": "2025-10-02T21:28:11Z",
            "description": "",
            "force_detach_policies": false,
            "id": "HC-dev-rds-proxy-role",
            "inline_policy": [],
            "managed_policy_arns": [],
            "max_session_duration": 3600,
            "name": "HC-dev-rds-proxy-role",
            "name_prefix": "",
            "path": "/",
            "permissions_boundary": "",
            "tags": {
              "Component": "rds-proxy",
              "DataClass": "PHI",
              "Env": "dev",
              "Name": "HC-dev-rds-proxy-role",
              "Owner": "Platform",
              "Project": "HC"
            },
            "tags_all": {
              "Component": "rds-proxy",
              "DataClass": "PHI",
              "Env": "dev",
              "Name": "HC-dev-rds-proxy-role",
              "Owner": "Platform",
              "Project": "HC"
            },
            "unique_id": "AROARWPFIEWH3XFQR46ZY"
          },
          "sensitive_attributes": [],
          "identity_schema_version": 0,
          "private": "bnVsbA==",
          "dependencies": [
            "module.rds_proxy.data.aws_iam_policy_document.assume"
          ]
        }
      ]
    }
  ],
  "check_results": null
}
